
Microsoft Visual Studio Solution File, Format Version 12.00
# Visual Studio Version 17
VisualStudioVersion = 17.4.33213.308
MinimumVisualStudioVersion = 10.0.40219.1
Project("{FAE04EC0-301F-11D3-BF4B-00C04F79EFBC}") = "test", "test.csproj", "{8E5C0772-4E57-4CE3-95CF-08B84CDF2F85}"
EndProject
Global
	GlobalSection(SolutionConfigurationPlatforms) = preSolution
		Debug|Any CPU = Debug|Any CPU
		Release|Any CPU = Release|Any CPU
	EndGlobalSection
	GlobalSection(ProjectConfigurationPlatforms) = postSolution
		{8E5C0772-4E57-4CE3-95CF-08B84CDF2F85}.Debug|Any CPU.ActiveCfg = Debug|Any CPU
		{8E5C0772-4E57-4CE3-95CF-08B84CDF2F85}.Debug|Any CPU.Build.0 = Debug|Any CPU
		{8E5C0772-4E57-4CE3-95CF-08B84CDF2F85}.Release|Any CPU.ActiveCfg = Release|Any CPU
		{8E5C0772-4E57-4CE3-95CF-08B84CDF2F85}.Release|Any CPU.Build.0 = Release|Any CPU
	EndGlobalSection
	GlobalSection(SolutionProperties) = preSolution
		HideSolutionNode = FALSE
	EndGlobalSection
	GlobalSection(ExtensibilityGlobals) = postSolution
		SolutionGuid = {8B6BDF6F-EA06-4F4B-8C6F-5DD91065157D}
	EndGlobalSection
EndGlobal
